
Microsoft Visual Studio Solution File, Format Version 12.00
# Visual Studio Version 16
VisualStudioVersion = 16.0.31321.278
MinimumVisualStudioVersion = 10.0.40219.1
Project("{FAE04EC0-301F-11D3-BF4B-00C04F79EFBC}") = "Blog", "Blog\Blog.csproj", "{C9750194-2951-4496-B61A-77374B279DD7}"
EndProject
Global
	GlobalSection(SolutionConfigurationPlatforms) = preSolution
		Debug|Any CPU = Debug|Any CPU
		Release|Any CPU = Release|Any CPU
	EndGlobalSection
	GlobalSection(ProjectConfigurationPlatforms) = postSolution
		{C9750194-2951-4496-B61A-77374B279DD7}.Debug|Any CPU.ActiveCfg = Debug|Any CPU
		{C9750194-2951-4496-B61A-77374B279DD7}.Debug|Any CPU.Build.0 = Debug|Any CPU
		{C9750194-2951-4496-B61A-77374B279DD7}.Release|Any CPU.ActiveCfg = Release|Any CPU
		{C9750194-2951-4496-B61A-77374B279DD7}.Release|Any CPU.Build.0 = Release|Any CPU
	EndGlobalSection
	GlobalSection(SolutionProperties) = preSolution
		HideSolutionNode = FALSE
	EndGlobalSection
	GlobalSection(ExtensibilityGlobals) = postSolution
		SolutionGuid = {A7CD0CA2-07A0-47E3-A8C9-318C64C8FD74}
	EndGlobalSection
EndGlobal
